
Microsoft Visual Studio Solution File, Format Version 12.00
# Visual Studio Version 17
VisualStudioVersion = 17.2.32630.192
MinimumVisualStudioVersion = 10.0.40219.1
Project("{FAE04EC0-301F-11D3-BF4B-00C04F79EFBC}") = "Variaveis", "Variaveis\Variaveis.csproj", "{B76C478B-915D-45F4-ABE7-116E76864558}"
EndProject
Global
	GlobalSection(SolutionConfigurationPlatforms) = preSolution
		Debug|Any CPU = Debug|Any CPU
		Release|Any CPU = Release|Any CPU
	EndGlobalSection
	GlobalSection(ProjectConfigurationPlatforms) = postSolution
		{B76C478B-915D-45F4-ABE7-116E76864558}.Debug|Any CPU.ActiveCfg = Debug|Any CPU
		{B76C478B-915D-45F4-ABE7-116E76864558}.Debug|Any CPU.Build.0 = Debug|Any CPU
		{B76C478B-915D-45F4-ABE7-116E76864558}.Release|Any CPU.ActiveCfg = Release|Any CPU
		{B76C478B-915D-45F4-ABE7-116E76864558}.Release|Any CPU.Build.0 = Release|Any CPU
	EndGlobalSection
	GlobalSection(SolutionProperties) = preSolution
		HideSolutionNode = FALSE
	EndGlobalSection
	GlobalSection(ExtensibilityGlobals) = postSolution
		SolutionGuid = {F20FF650-BD2F-4610-9639-81D521C21DD4}
	EndGlobalSection
EndGlobal
